
Microsoft Visual Studio Solution File, Format Version 12.00
# Visual Studio Version 17
VisualStudioVersion = 17.9.34902.65
MinimumVisualStudioVersion = 10.0.40219.1
Project("{2150E333-8FDC-42A3-9474-1A3956D46DE8}") = "Common", "Common", "{255F824B-210B-41A4-A6A4-822F3DDE32A0}"
EndProject
Project("{2150E333-8FDC-42A3-9474-1A3956D46DE8}") = "Services", "Services", "{68C70C53-F685-41E0-A4A8-BB950865F7D7}"
EndProject
Project("{9A19103F-16F7-4668-BE54-9A1E7A4F7556}") = "My.Application", "Common\My.Application\My.Application.csproj", "{7E646313-F3F9-455B-A6A8-24A600F4C201}"
EndProject
Project("{9A19103F-16F7-4668-BE54-9A1E7A4F7556}") = "My.CrossCuttingConcerns", "Common\My.CrossCuttingConcerns\My.CrossCuttingConcerns.csproj", "{067C0D5E-CE6D-44CC-9229-27EA77AE7540}"
EndProject
Project("{9A19103F-16F7-4668-BE54-9A1E7A4F7556}") = "My.Domain", "Common\My.Domain\My.Domain.csproj", "{5F187D88-5924-461A-96D0-DF3C454B4CA7}"
EndProject
Project("{9A19103F-16F7-4668-BE54-9A1E7A4F7556}") = "My.Infrastructure", "Common\My.Infrastructure\My.Infrastructure.csproj", "{19AB1081-555F-49FA-847F-B5CB75E47775}"
EndProject
Project("{2150E333-8FDC-42A3-9474-1A3956D46DE8}") = "Identity", "Identity", "{8845F8CE-ECC0-478D-A9BC-0330D17E1227}"
EndProject
Project("{9A19103F-16F7-4668-BE54-9A1E7A4F7556}") = "My.Services.Identity", "Services\Services.Identity\My.Services.Identity\My.Services.Identity.csproj", "{CA81A3C8-B8B3-40F5-A340-CF28596E74FC}"
EndProject
Project("{9A19103F-16F7-4668-BE54-9A1E7A4F7556}") = "My.Services.Identity.Api", "Services\Services.Identity\My.Services.Identity.Api\My.Services.Identity.Api.csproj", "{120FDE4C-A14F-48F4-9B88-478CE7E73053}"
EndProject
Project("{2150E333-8FDC-42A3-9474-1A3956D46DE8}") = "Gateways", "Gateways", "{71D343EC-D02B-418B-BFD0-C624C6D58473}"
EndProject
Project("{9A19103F-16F7-4668-BE54-9A1E7A4F7556}") = "My.Gateways.WebAPI", "Gateways\Gateways.WebAPI\My.Gateways.WebAPI\My.Gateways.WebAPI.csproj", "{D8C77A1D-6BB9-4F7C-96E3-B207DAD1B3AE}"
EndProject
Global
	GlobalSection(SolutionConfigurationPlatforms) = preSolution
		Debug|Any CPU = Debug|Any CPU
		Release|Any CPU = Release|Any CPU
	EndGlobalSection
	GlobalSection(ProjectConfigurationPlatforms) = postSolution
		{7E646313-F3F9-455B-A6A8-24A600F4C201}.Debug|Any CPU.ActiveCfg = Debug|Any CPU
		{7E646313-F3F9-455B-A6A8-24A600F4C201}.Debug|Any CPU.Build.0 = Debug|Any CPU
		{7E646313-F3F9-455B-A6A8-24A600F4C201}.Release|Any CPU.ActiveCfg = Release|Any CPU
		{7E646313-F3F9-455B-A6A8-24A600F4C201}.Release|Any CPU.Build.0 = Release|Any CPU
		{067C0D5E-CE6D-44CC-9229-27EA77AE7540}.Debug|Any CPU.ActiveCfg = Debug|Any CPU
		{067C0D5E-CE6D-44CC-9229-27EA77AE7540}.Debug|Any CPU.Build.0 = Debug|Any CPU
		{067C0D5E-CE6D-44CC-9229-27EA77AE7540}.Release|Any CPU.ActiveCfg = Release|Any CPU
		{067C0D5E-CE6D-44CC-9229-27EA77AE7540}.Release|Any CPU.Build.0 = Release|Any CPU
		{5F187D88-5924-461A-96D0-DF3C454B4CA7}.Debug|Any CPU.ActiveCfg = Debug|Any CPU
		{5F187D88-5924-461A-96D0-DF3C454B4CA7}.Debug|Any CPU.Build.0 = Debug|Any CPU
		{5F187D88-5924-461A-96D0-DF3C454B4CA7}.Release|Any CPU.ActiveCfg = Release|Any CPU
		{5F187D88-5924-461A-96D0-DF3C454B4CA7}.Release|Any CPU.Build.0 = Release|Any CPU
		{19AB1081-555F-49FA-847F-B5CB75E47775}.Debug|Any CPU.ActiveCfg = Debug|Any CPU
		{19AB1081-555F-49FA-847F-B5CB75E47775}.Debug|Any CPU.Build.0 = Debug|Any CPU
		{19AB1081-555F-49FA-847F-B5CB75E47775}.Release|Any CPU.ActiveCfg = Release|Any CPU
		{19AB1081-555F-49FA-847F-B5CB75E47775}.Release|Any CPU.Build.0 = Release|Any CPU
		{CA81A3C8-B8B3-40F5-A340-CF28596E74FC}.Debug|Any CPU.ActiveCfg = Debug|Any CPU
		{CA81A3C8-B8B3-40F5-A340-CF28596E74FC}.Debug|Any CPU.Build.0 = Debug|Any CPU
		{CA81A3C8-B8B3-40F5-A340-CF28596E74FC}.Release|Any CPU.ActiveCfg = Release|Any CPU
		{CA81A3C8-B8B3-40F5-A340-CF28596E74FC}.Release|Any CPU.Build.0 = Release|Any CPU
		{120FDE4C-A14F-48F4-9B88-478CE7E73053}.Debug|Any CPU.ActiveCfg = Debug|Any CPU
		{120FDE4C-A14F-48F4-9B88-478CE7E73053}.Debug|Any CPU.Build.0 = Debug|Any CPU
		{120FDE4C-A14F-48F4-9B88-478CE7E73053}.Release|Any CPU.ActiveCfg = Release|Any CPU
		{120FDE4C-A14F-48F4-9B88-478CE7E73053}.Release|Any CPU.Build.0 = Release|Any CPU
		{D8C77A1D-6BB9-4F7C-96E3-B207DAD1B3AE}.Debug|Any CPU.ActiveCfg = Debug|Any CPU
		{D8C77A1D-6BB9-4F7C-96E3-B207DAD1B3AE}.Debug|Any CPU.Build.0 = Debug|Any CPU
		{D8C77A1D-6BB9-4F7C-96E3-B207DAD1B3AE}.Release|Any CPU.ActiveCfg = Release|Any CPU
		{D8C77A1D-6BB9-4F7C-96E3-B207DAD1B3AE}.Release|Any CPU.Build.0 = Release|Any CPU
	EndGlobalSection
	GlobalSection(SolutionProperties) = preSolution
		HideSolutionNode = FALSE
	EndGlobalSection
	GlobalSection(NestedProjects) = preSolution
		{7E646313-F3F9-455B-A6A8-24A600F4C201} = {255F824B-210B-41A4-A6A4-822F3DDE32A0}
		{067C0D5E-CE6D-44CC-9229-27EA77AE7540} = {255F824B-210B-41A4-A6A4-822F3DDE32A0}
		{5F187D88-5924-461A-96D0-DF3C454B4CA7} = {255F824B-210B-41A4-A6A4-822F3DDE32A0}
		{19AB1081-555F-49FA-847F-B5CB75E47775} = {255F824B-210B-41A4-A6A4-822F3DDE32A0}
		{8845F8CE-ECC0-478D-A9BC-0330D17E1227} = {68C70C53-F685-41E0-A4A8-BB950865F7D7}
		{CA81A3C8-B8B3-40F5-A340-CF28596E74FC} = {8845F8CE-ECC0-478D-A9BC-0330D17E1227}
		{120FDE4C-A14F-48F4-9B88-478CE7E73053} = {8845F8CE-ECC0-478D-A9BC-0330D17E1227}
		{D8C77A1D-6BB9-4F7C-96E3-B207DAD1B3AE} = {71D343EC-D02B-418B-BFD0-C624C6D58473}
	EndGlobalSection
	GlobalSection(ExtensibilityGlobals) = postSolution
		SolutionGuid = {867FDA70-2B23-4508-A0CF-2C9AA6606A37}
	EndGlobalSection
EndGlobal
